
Microsoft Visual Studio Solution File, Format Version 12.00
# Visual Studio 15
VisualStudioVersion = 15.0.28307.572
MinimumVisualStudioVersion = 10.0.40219.1
Project("{FAE04EC0-301F-11D3-BF4B-00C04F79EFBC}") = "BCDHX", "BCDHX\BCDHX.csproj", "{C52DB854-62FE-4AC8-8BEF-EF41D389574A}"
EndProject
Global
	GlobalSection(SolutionConfigurationPlatforms) = preSolution
		Debug|Any CPU = Debug|Any CPU
		Release|Any CPU = Release|Any CPU
	EndGlobalSection
	GlobalSection(ProjectConfigurationPlatforms) = postSolution
		{C52DB854-62FE-4AC8-8BEF-EF41D389574A}.Debug|Any CPU.ActiveCfg = Debug|Any CPU
		{C52DB854-62FE-4AC8-8BEF-EF41D389574A}.Debug|Any CPU.Build.0 = Debug|Any CPU
		{C52DB854-62FE-4AC8-8BEF-EF41D389574A}.Release|Any CPU.ActiveCfg = Release|Any CPU
		{C52DB854-62FE-4AC8-8BEF-EF41D389574A}.Release|Any CPU.Build.0 = Release|Any CPU
	EndGlobalSection
	GlobalSection(SolutionProperties) = preSolution
		HideSolutionNode = FALSE
	EndGlobalSection
	GlobalSection(ExtensibilityGlobals) = postSolution
		SolutionGuid = {FA67B813-BDD2-4A35-907A-0D2D4B0BC733}
	EndGlobalSection
EndGlobal
